
Microsoft Visual Studio Solution File, Format Version 12.00
# Visual Studio Version 16
VisualStudioVersion = 16.0.29806.167
MinimumVisualStudioVersion = 10.0.40219.1
Project("{9A19103F-16F7-4668-BE54-9A1E7A4F7556}") = "LoopstationXml", "LoopstationXml\LoopstationXml.csproj", "{4B9813B2-F49F-47F0-9B1D-13A95013870A}"
EndProject
Project("{FAE04EC0-301F-11D3-BF4B-00C04F79EFBC}") = "LoopstationEditor", "LoopstationEditor\LoopstationEditor.csproj", "{2C06FF36-870D-4B00-9E8F-CC23F6139185}"
EndProject
Project("{2150E333-8FDC-42A3-9474-1A3956D46DE8}") = "Solution Items", "Solution Items", "{6EE8CBFA-832E-4D20-95DA-B867E471252D}"
	ProjectSection(SolutionItems) = preProject
		.gitattributes = .gitattributes
		.gitignore = .gitignore
		README.md = README.md
	EndProjectSection
EndProject
Project("{FAE04EC0-301F-11D3-BF4B-00C04F79EFBC}") = "ConsoleApp", "ConsoleApp\ConsoleApp.csproj", "{1B1DDC50-9985-4A3C-A59E-21BFFA6C2398}"
EndProject
Project("{FAE04EC0-301F-11D3-BF4B-00C04F79EFBC}") = "LoopstationModel", "LoopstationModel\LoopstationModel.csproj", "{77AF8EDA-8EFC-4531-BE3A-FB5F7309DBDA}"
EndProject
Global
	GlobalSection(SolutionConfigurationPlatforms) = preSolution
		Debug|Any CPU = Debug|Any CPU
		Release|Any CPU = Release|Any CPU
	EndGlobalSection
	GlobalSection(ProjectConfigurationPlatforms) = postSolution
		{4B9813B2-F49F-47F0-9B1D-13A95013870A}.Debug|Any CPU.ActiveCfg = Release|Any CPU
		{4B9813B2-F49F-47F0-9B1D-13A95013870A}.Debug|Any CPU.Build.0 = Release|Any CPU
		{4B9813B2-F49F-47F0-9B1D-13A95013870A}.Release|Any CPU.ActiveCfg = Release|Any CPU
		{4B9813B2-F49F-47F0-9B1D-13A95013870A}.Release|Any CPU.Build.0 = Release|Any CPU
		{2C06FF36-870D-4B00-9E8F-CC23F6139185}.Debug|Any CPU.ActiveCfg = Debug|Any CPU
		{2C06FF36-870D-4B00-9E8F-CC23F6139185}.Debug|Any CPU.Build.0 = Debug|Any CPU
		{2C06FF36-870D-4B00-9E8F-CC23F6139185}.Release|Any CPU.ActiveCfg = Release|Any CPU
		{2C06FF36-870D-4B00-9E8F-CC23F6139185}.Release|Any CPU.Build.0 = Release|Any CPU
		{1B1DDC50-9985-4A3C-A59E-21BFFA6C2398}.Debug|Any CPU.ActiveCfg = Debug|Any CPU
		{1B1DDC50-9985-4A3C-A59E-21BFFA6C2398}.Debug|Any CPU.Build.0 = Debug|Any CPU
		{1B1DDC50-9985-4A3C-A59E-21BFFA6C2398}.Release|Any CPU.ActiveCfg = Release|Any CPU
		{1B1DDC50-9985-4A3C-A59E-21BFFA6C2398}.Release|Any CPU.Build.0 = Release|Any CPU
		{77AF8EDA-8EFC-4531-BE3A-FB5F7309DBDA}.Debug|Any CPU.ActiveCfg = Debug|Any CPU
		{77AF8EDA-8EFC-4531-BE3A-FB5F7309DBDA}.Debug|Any CPU.Build.0 = Debug|Any CPU
		{77AF8EDA-8EFC-4531-BE3A-FB5F7309DBDA}.Release|Any CPU.ActiveCfg = Release|Any CPU
		{77AF8EDA-8EFC-4531-BE3A-FB5F7309DBDA}.Release|Any CPU.Build.0 = Release|Any CPU
	EndGlobalSection
	GlobalSection(SolutionProperties) = preSolution
		HideSolutionNode = FALSE
	EndGlobalSection
	GlobalSection(ExtensibilityGlobals) = postSolution
		SolutionGuid = {C7F96111-1793-4281-A7EA-5112873D7AC9}
	EndGlobalSection
EndGlobal
